// !$*UTF8*$!
{
	archiveVersion = 1;
	classes = {
	};
	objectVersion = 56;
	objects = {

/* Begin PBXBuildFile section */
		660D4C1F2ACD8F3A00431E6A /* SparrowMarathonApp.swift in Sources */ = {isa = PBXBuildFile; fileRef = 660D4C1E2ACD8F3A00431E6A /* SparrowMarathonApp.swift */; };
		660D4C212ACD8F3A00431E6A /* ContentView.swift in Sources */ = {isa = PBXBuildFile; fileRef = 660D4C202ACD8F3A00431E6A /* ContentView.swift */; };
		660D4C232ACD8F3C00431E6A /* Assets.xcassets in Resources */ = {isa = PBXBuildFile; fileRef = 660D4C222ACD8F3C00431E6A /* Assets.xcassets */; };
		660D4C272ACD8F3C00431E6A /* Preview Assets.xcassets in Resources */ = {isa = PBXBuildFile; fileRef = 660D4C262ACD8F3C00431E6A /* Preview Assets.xcassets */; };
		660D4C2E2ACD8F5C00431E6A /* TaskTwoView.swift in Sources */ = {isa = PBXBuildFile; fileRef = 660D4C2D2ACD8F5C00431E6A /* TaskTwoView.swift */; };
		6624118E2AE1557C0060293B /* TaskSevenView.swift in Sources */ = {isa = PBXBuildFile; fileRef = 6624118D2AE1557C0060293B /* TaskSevenView.swift */; };
		6659EFF32AD3DFA5000F10F8 /* TaskFourView.swift in Sources */ = {isa = PBXBuildFile; fileRef = 6659EFF22AD3DFA5000F10F8 /* TaskFourView.swift */; };
		6659EFF52AD7F971000F10F8 /* TaskFiveView.swift in Sources */ = {isa = PBXBuildFile; fileRef = 6659EFF42AD7F971000F10F8 /* TaskFiveView.swift */; };
		665A05A12ACEE4A7008F9FE2 /* TaskThreeView.swift in Sources */ = {isa = PBXBuildFile; fileRef = 665A05A02ACEE4A7008F9FE2 /* TaskThreeView.swift */; };
		66E33BB52ADCF60800B48EF0 /* TaskSixView.swift in Sources */ = {isa = PBXBuildFile; fileRef = 66E33BB42ADCF60800B48EF0 /* TaskSixView.swift */; };
/* End PBXBuildFile section */

/* Begin PBXFileReference section */
		660D4C1B2ACD8F3A00431E6A /* SparrowMarathon.app */ = {isa = PBXFileReference; explicitFileType = wrapper.application; includeInIndex = 0; path = SparrowMarathon.app; sourceTree = BUILT_PRODUCTS_DIR; };
		660D4C1E2ACD8F3A00431E6A /* SparrowMarathonApp.swift */ = {isa = PBXFileReference; lastKnownFileType = sourcecode.swift; path = SparrowMarathonApp.swift; sourceTree = "<group>"; };
		660D4C202ACD8F3A00431E6A /* ContentView.swift */ = {isa = PBXFileReference; lastKnownFileType = sourcecode.swift; path = ContentView.swift; sourceTree = "<group>"; };
		660D4C222ACD8F3C00431E6A /* Assets.xcassets */ = {isa = PBXFileReference; lastKnownFileType = folder.assetcatalog; path = Assets.xcassets; sourceTree = "<group>"; };
		660D4C242ACD8F3C00431E6A /* SparrowMarathon.entitlements */ = {isa = PBXFileReference; lastKnownFileType = text.plist.entitlements; path = SparrowMarathon.entitlements; sourceTree = "<group>"; };
		660D4C262ACD8F3C00431E6A /* Preview Assets.xcassets */ = {isa = PBXFileReference; lastKnownFileType = folder.assetcatalog; path = "Preview Assets.xcassets"; sourceTree = "<group>"; };
		660D4C2D2ACD8F5C00431E6A /* TaskTwoView.swift */ = {isa = PBXFileReference; lastKnownFileType = sourcecode.swift; path = TaskTwoView.swift; sourceTree = "<group>"; };
		6624118D2AE1557C0060293B /* TaskSevenView.swift */ = {isa = PBXFileReference; lastKnownFileType = sourcecode.swift; path = TaskSevenView.swift; sourceTree = "<group>"; };
		6659EFF22AD3DFA5000F10F8 /* TaskFourView.swift */ = {isa = PBXFileReference; lastKnownFileType = sourcecode.swift; path = TaskFourView.swift; sourceTree = "<group>"; };
		6659EFF42AD7F971000F10F8 /* TaskFiveView.swift */ = {isa = PBXFileReference; lastKnownFileType = sourcecode.swift; path = TaskFiveView.swift; sourceTree = "<group>"; };
		665A05A02ACEE4A7008F9FE2 /* TaskThreeView.swift */ = {isa = PBXFileReference; lastKnownFileType = sourcecode.swift; path = TaskThreeView.swift; sourceTree = "<group>"; };
		66E33BB42ADCF60800B48EF0 /* TaskSixView.swift */ = {isa = PBXFileReference; lastKnownFileType = sourcecode.swift; path = TaskSixView.swift; sourceTree = "<group>"; };
/* End PBXFileReference section */

/* Begin PBXFrameworksBuildPhase section */
		660D4C182ACD8F3A00431E6A /* Frameworks */ = {
			isa = PBXFrameworksBuildPhase;
			buildActionMask = 2147483647;
			files = (
			);
			runOnlyForDeploymentPostprocessing = 0;
		};
/* End PBXFrameworksBuildPhase section */

/* Begin PBXGroup section */
		660D4C122ACD8F3A00431E6A = {
			isa = PBXGroup;
			children = (
				660D4C1D2ACD8F3A00431E6A /* SparrowMarathon */,
				660D4C1C2ACD8F3A00431E6A /* Products */,
			);
			sourceTree = "<group>";
		};
		660D4C1C2ACD8F3A00431E6A /* Products */ = {
			isa = PBXGroup;
			children = (
				660D4C1B2ACD8F3A00431E6A /* SparrowMarathon.app */,
			);
			name = Products;
			sourceTree = "<group>";
		};
		660D4C1D2ACD8F3A00431E6A /* SparrowMarathon */ = {
			isa = PBXGroup;
			children = (
				660D4C2F2ACD98BB00431E6A /* Views */,
				660D4C1E2ACD8F3A00431E6A /* SparrowMarathonApp.swift */,
				660D4C222ACD8F3C00431E6A /* Assets.xcassets */,
				660D4C242ACD8F3C00431E6A /* SparrowMarathon.entitlements */,
				660D4C252ACD8F3C00431E6A /* Preview Content */,
			);
			path = SparrowMarathon;
			sourceTree = "<group>";
		};
		660D4C252ACD8F3C00431E6A /* Preview Content */ = {
			isa = PBXGroup;
			children = (
				660D4C262ACD8F3C00431E6A /* Preview Assets.xcassets */,
			);
			path = "Preview Content";
			sourceTree = "<group>";
		};
		660D4C2F2ACD98BB00431E6A /* Views */ = {
			isa = PBXGroup;
			children = (
				660D4C202ACD8F3A00431E6A /* ContentView.swift */,
				660D4C2D2ACD8F5C00431E6A /* TaskTwoView.swift */,
				665A05A02ACEE4A7008F9FE2 /* TaskThreeView.swift */,
				6659EFF22AD3DFA5000F10F8 /* TaskFourView.swift */,
				6659EFF42AD7F971000F10F8 /* TaskFiveView.swift */,
				66E33BB42ADCF60800B48EF0 /* TaskSixView.swift */,
				6624118D2AE1557C0060293B /* TaskSevenView.swift */,
			);
			path = Views;
			sourceTree = "<group>";
		};
/* End PBXGroup section */

/* Begin PBXNativeTarget section */
		660D4C1A2ACD8F3A00431E6A /* SparrowMarathon */ = {
			isa = PBXNativeTarget;
			buildConfigurationList = 660D4C2A2ACD8F3C00431E6A /* Build configuration list for PBXNativeTarget "SparrowMarathon" */;
			buildPhases = (
				660D4C172ACD8F3A00431E6A /* Sources */,
				660D4C182ACD8F3A00431E6A /* Frameworks */,
				660D4C192ACD8F3A00431E6A /* Resources */,
			);
			buildRules = (
			);
			dependencies = (
			);
			name = SparrowMarathon;
			productName = SparrowMarathon;
			productReference = 660D4C1B2ACD8F3A00431E6A /* SparrowMarathon.app */;
			productType = "com.apple.product-type.application";
		};
/* End PBXNativeTarget section */

/* Begin PBXProject section */
		660D4C132ACD8F3A00431E6A /* Project object */ = {
			isa = PBXProject;
			attributes = {
				BuildIndependentTargetsInParallel = 1;
				LastSwiftUpdateCheck = 1500;
				LastUpgradeCheck = 1500;
				TargetAttributes = {
					660D4C1A2ACD8F3A00431E6A = {
						CreatedOnToolsVersion = 15.0;
					};
				};
			};
			buildConfigurationList = 660D4C162ACD8F3A00431E6A /* Build configuration list for PBXProject "SparrowMarathon" */;
			compatibilityVersion = "Xcode 14.0";
			developmentRegion = en;
			hasScannedForEncodings = 0;
			knownRegions = (
				en,
				Base,
			);
			mainGroup = 660D4C122ACD8F3A00431E6A;
			productRefGroup = 660D4C1C2ACD8F3A00431E6A /* Products */;
			projectDirPath = "";
			projectRoot = "";
			targets = (
				660D4C1A2ACD8F3A00431E6A /* SparrowMarathon */,
			);
		};
/* End PBXProject section */

/* Begin PBXResourcesBuildPhase section */
		660D4C192ACD8F3A00431E6A /* Resources */ = {
			isa = PBXResourcesBuildPhase;
			buildActionMask = 2147483647;
			files = (
				660D4C272ACD8F3C00431E6A /* Preview Assets.xcassets in Resources */,
				660D4C232ACD8F3C00431E6A /* Assets.xcassets in Resources */,
			);
			runOnlyForDeploymentPostprocessing = 0;
		};
/* End PBXResourcesBuildPhase section */

/* Begin PBXSourcesBuildPhase section */
		660D4C172ACD8F3A00431E6A /* Sources */ = {
			isa = PBXSourcesBuildPhase;
			buildActionMask = 2147483647;
			files = (
				665A05A12ACEE4A7008F9FE2 /* TaskThreeView.swift in Sources */,
				660D4C212ACD8F3A00431E6A /* ContentView.swift in Sources */,
				66E33BB52ADCF60800B48EF0 /* TaskSixView.swift in Sources */,
				6659EFF32AD3DFA5000F10F8 /* TaskFourView.swift in Sources */,
				6659EFF52AD7F971000F10F8 /* TaskFiveView.swift in Sources */,
				6624118E2AE1557C0060293B /* TaskSevenView.swift in Sources */,
				660D4C2E2ACD8F5C00431E6A /* TaskTwoView.swift in Sources */,
				660D4C1F2ACD8F3A00431E6A /* SparrowMarathonApp.swift in Sources */,
			);
			runOnlyForDeploymentPostprocessing = 0;
		};
/* End PBXSourcesBuildPhase section */

/* Begin XCBuildConfiguration section */
		660D4C282ACD8F3C00431E6A /* Debug */ = {
			isa = XCBuildConfiguration;
			buildSettings = {
				ALWAYS_SEARCH_USER_PATHS = NO;
				ASSETCATALOG_COMPILER_GENERATE_SWIFT_ASSET_SYMBOL_EXTENSIONS = YES;
				CLANG_ANALYZER_NONNULL = YES;
				CLANG_ANALYZER_NUMBER_OBJECT_CONVERSION = YES_AGGRESSIVE;
				CLANG_CXX_LANGUAGE_STANDARD = "gnu++20";
				CLANG_ENABLE_MODULES = YES;
				CLANG_ENABLE_OBJC_ARC = YES;
				CLANG_ENABLE_OBJC_WEAK = YES;
				CLANG_WARN_BLOCK_CAPTURE_AUTORELEASING = YES;
				CLANG_WARN_BOOL_CONVERSION = YES;
				CLANG_WARN_COMMA = YES;
				CLANG_WARN_CONSTANT_CONVERSION = YES;
				CLANG_WARN_DEPRECATED_OBJC_IMPLEMENTATIONS = YES;
				CLANG_WARN_DIRECT_OBJC_ISA_USAGE = YES_ERROR;
				CLANG_WARN_DOCUMENTATION_COMMENTS = YES;
				CLANG_WARN_EMPTY_BODY = YES;
				CLANG_WARN_ENUM_CONVERSION = YES;
				CLANG_WARN_INFINITE_RECURSION = YES;
				CLANG_WARN_INT_CONVERSION = YES;
				CLANG_WARN_NON_LITERAL_NULL_CONVERSION = YES;
				CLANG_WARN_OBJC_IMPLICIT_RETAIN_SELF = YES;
				CLANG_WARN_OBJC_LITERAL_CONVERSION = YES;
				CLANG_WARN_OBJC_ROOT_CLASS = YES_ERROR;
				CLANG_WARN_QUOTED_INCLUDE_IN_FRAMEWORK_HEADER = YES;
				CLANG_WARN_RANGE_LOOP_ANALYSIS = YES;
				CLANG_WARN_STRICT_PROTOTYPES = YES;
				CLANG_WARN_SUSPICIOUS_MOVE = YES;
				CLANG_WARN_UNGUARDED_AVAILABILITY = YES_AGGRESSIVE;
				CLANG_WARN_UNREACHABLE_CODE = YES;
				CLANG_WARN__DUPLICATE_METHOD_MATCH = YES;
				COPY_PHASE_STRIP = NO;
				DEBUG_INFORMATION_FORMAT = dwarf;
				ENABLE_STRICT_OBJC_MSGSEND = YES;
				ENABLE_TESTABILITY = YES;
				ENABLE_USER_SCRIPT_SANDBOXING = YES;
				GCC_C_LANGUAGE_STANDARD = gnu17;
				GCC_DYNAMIC_NO_PIC = NO;
				GCC_NO_COMMON_BLOCKS = YES;
				GCC_OPTIMIZATION_LEVEL = 0;
				GCC_PREPROCESSOR_DEFINITIONS = (
					"DEBUG=1",
					"$(inherited)",
				);
				GCC_WARN_64_TO_32_BIT_CONVERSION = YES;
				GCC_WARN_ABOUT_RETURN_TYPE = YES_ERROR;
				GCC_WARN_UNDECLARED_SELECTOR = YES;
				GCC_WARN_UNINITIALIZED_AUTOS = YES_AGGRESSIVE;
				GCC_WARN_UNUSED_FUNCTION = YES;
				GCC_WARN_UNUSED_VARIABLE = YES;
				LOCALIZATION_PREFERS_STRING_CATALOGS = YES;
				MTL_ENABLE_DEBUG_INFO = INCLUDE_SOURCE;
				MTL_FAST_MATH = YES;
				ONLY_ACTIVE_ARCH = YES;
				SWIFT_ACTIVE_COMPILATION_CONDITIONS = "DEBUG $(inherited)";
				SWIFT_OPTIMIZATION_LEVEL = "-Onone";
			};
			name = Debug;
		};
		660D4C292ACD8F3C00431E6A /* Release */ = {
			isa = XCBuildConfiguration;
			buildSettings = {
				ALWAYS_SEARCH_USER_PATHS = NO;
				ASSETCATALOG_COMPILER_GENERATE_SWIFT_ASSET_SYMBOL_EXTENSIONS = YES;
				CLANG_ANALYZER_NONNULL = YES;
				CLANG_ANALYZER_NUMBER_OBJECT_CONVERSION = YES_AGGRESSIVE;
				CLANG_CXX_LANGUAGE_STANDARD = "gnu++20";
				CLANG_ENABLE_MODULES = YES;
				CLANG_ENABLE_OBJC_ARC = YES;
				CLANG_ENABLE_OBJC_WEAK = YES;
				CLANG_WARN_BLOCK_CAPTURE_AUTORELEASING = YES;
				CLANG_WARN_BOOL_CONVERSION = YES;
				CLANG_WARN_COMMA = YES;
				CLANG_WARN_CONSTANT_CONVERSION = YES;
				CLANG_WARN_DEPRECATED_OBJC_IMPLEMENTATIONS = YES;
				CLANG_WARN_DIRECT_OBJC_ISA_USAGE = YES_ERROR;
				CLANG_WARN_DOCUMENTATION_COMMENTS = YES;
				CLANG_WARN_EMPTY_BODY = YES;
				CLANG_WARN_ENUM_CONVERSION = YES;
				CLANG_WARN_INFINITE_RECURSION = YES;
				CLANG_WARN_INT_CONVERSION = YES;
				CLANG_WARN_NON_LITERAL_NULL_CONVERSION = YES;
				CLANG_WARN_OBJC_IMPLICIT_RETAIN_SELF = YES;
				CLANG_WARN_OBJC_LITERAL_CONVERSION = YES;
				CLANG_WARN_OBJC_ROOT_CLASS = YES_ERROR;
				CLANG_WARN_QUOTED_INCLUDE_IN_FRAMEWORK_HEADER = YES;
				CLANG_WARN_RANGE_LOOP_ANALYSIS = YES;
				CLANG_WARN_STRICT_PROTOTYPES = YES;
				CLANG_WARN_SUSPICIOUS_MOVE = YES;
				CLANG_WARN_UNGUARDED_AVAILABILITY = YES_AGGRESSIVE;
				CLANG_WARN_UNREACHABLE_CODE = YES;
				CLANG_WARN__DUPLICATE_METHOD_MATCH = YES;
				COPY_PHASE_STRIP = NO;
				DEBUG_INFORMATION_FORMAT = "dwarf-with-dsym";
				ENABLE_NS_ASSERTIONS = NO;
				ENABLE_STRICT_OBJC_MSGSEND = YES;
				ENABLE_USER_SCRIPT_SANDBOXING = YES;
				GCC_C_LANGUAGE_STANDARD = gnu17;
				GCC_NO_COMMON_BLOCKS = YES;
				GCC_WARN_64_TO_32_BIT_CONVERSION = YES;
				GCC_WARN_ABOUT_RETURN_TYPE = YES_ERROR;
				GCC_WARN_UNDECLARED_SELECTOR = YES;
				GCC_WARN_UNINITIALIZED_AUTOS = YES_AGGRESSIVE;
				GCC_WARN_UNUSED_FUNCTION = YES;
				GCC_WARN_UNUSED_VARIABLE = YES;
				LOCALIZATION_PREFERS_STRING_CATALOGS = YES;
				MTL_ENABLE_DEBUG_INFO = NO;
				MTL_FAST_MATH = YES;
				SWIFT_COMPILATION_MODE = wholemodule;
			};
			name = Release;
		};
		660D4C2B2ACD8F3C00431E6A /* Debug */ = {
			isa = XCBuildConfiguration;
			buildSettings = {
				ASSETCATALOG_COMPILER_APPICON_NAME = AppIcon;
				ASSETCATALOG_COMPILER_GLOBAL_ACCENT_COLOR_NAME = AccentColor;
				CODE_SIGN_ENTITLEMENTS = SparrowMarathon/SparrowMarathon.entitlements;
				CODE_SIGN_STYLE = Automatic;
				CURRENT_PROJECT_VERSION = 1;
				DEVELOPMENT_ASSET_PATHS = "\"SparrowMarathon/Preview Content\"";
				DEVELOPMENT_TEAM = ANRAW3XQPS;
				ENABLE_HARDENED_RUNTIME = YES;
				ENABLE_PREVIEWS = YES;
				GENERATE_INFOPLIST_FILE = YES;
				"INFOPLIST_KEY_UIApplicationSceneManifest_Generation[sdk=iphoneos*]" = YES;
				"INFOPLIST_KEY_UIApplicationSceneManifest_Generation[sdk=iphonesimulator*]" = YES;
				"INFOPLIST_KEY_UIApplicationSupportsIndirectInputEvents[sdk=iphoneos*]" = YES;
				"INFOPLIST_KEY_UIApplicationSupportsIndirectInputEvents[sdk=iphonesimulator*]" = YES;
				"INFOPLIST_KEY_UILaunchScreen_Generation[sdk=iphoneos*]" = YES;
				"INFOPLIST_KEY_UILaunchScreen_Generation[sdk=iphonesimulator*]" = YES;
				"INFOPLIST_KEY_UIStatusBarStyle[sdk=iphoneos*]" = UIStatusBarStyleDefault;
				"INFOPLIST_KEY_UIStatusBarStyle[sdk=iphonesimulator*]" = UIStatusBarStyleDefault;
				INFOPLIST_KEY_UISupportedInterfaceOrientations_iPad = "UIInterfaceOrientationPortrait UIInterfaceOrientationPortraitUpsideDown UIInterfaceOrientationLandscapeLeft UIInterfaceOrientationLandscapeRight";
				INFOPLIST_KEY_UISupportedInterfaceOrientations_iPhone = "UIInterfaceOrientationPortrait UIInterfaceOrientationLandscapeLeft UIInterfaceOrientationLandscapeRight";
				IPHONEOS_DEPLOYMENT_TARGET = 17.0;
				LD_RUNPATH_SEARCH_PATHS = "@executable_path/Frameworks";
				"LD_RUNPATH_SEARCH_PATHS[sdk=macosx*]" = "@executable_path/../Frameworks";
				MACOSX_DEPLOYMENT_TARGET = 14.0;
				MARKETING_VERSION = 1.0;
				PRODUCT_BUNDLE_IDENTIFIER = kenesbekov.adam.SparrowMarathon;
				PRODUCT_NAME = "$(TARGET_NAME)";
				SDKROOT = auto;
				SUPPORTED_PLATFORMS = "iphoneos iphonesimulator macosx";
				SWIFT_EMIT_LOC_STRINGS = YES;
				SWIFT_VERSION = 5.0;
				TARGETED_DEVICE_FAMILY = "1,2";
			};
			name = Debug;
		};
		660D4C2C2ACD8F3C00431E6A /* Release */ = {
			isa = XCBuildConfiguration;
			buildSettings = {
				ASSETCATALOG_COMPILER_APPICON_NAME = AppIcon;
				ASSETCATALOG_COMPILER_GLOBAL_ACCENT_COLOR_NAME = AccentColor;
				CODE_SIGN_ENTITLEMENTS = SparrowMarathon/SparrowMarathon.entitlements;
				CODE_SIGN_STYLE = Automatic;
				CURRENT_PROJECT_VERSION = 1;
				DEVELOPMENT_ASSET_PATHS = "\"SparrowMarathon/Preview Content\"";
				DEVELOPMENT_TEAM = ANRAW3XQPS;
				ENABLE_HARDENED_RUNTIME = YES;
				ENABLE_PREVIEWS = YES;
				GENERATE_INFOPLIST_FILE = YES;
				"INFOPLIST_KEY_UIApplicationSceneManifest_Generation[sdk=iphoneos*]" = YES;
				"INFOPLIST_KEY_UIApplicationSceneManifest_Generation[sdk=iphonesimulator*]" = YES;
				"INFOPLIST_KEY_UIApplicationSupportsIndirectInputEvents[sdk=iphoneos*]" = YES;
				"INFOPLIST_KEY_UIApplicationSupportsIndirectInputEvents[sdk=iphonesimulator*]" = YES;
				"INFOPLIST_KEY_UILaunchScreen_Generation[sdk=iphoneos*]" = YES;
				"INFOPLIST_KEY_UILaunchScreen_Generation[sdk=iphonesimulator*]" = YES;
				"INFOPLIST_KEY_UIStatusBarStyle[sdk=iphoneos*]" = UIStatusBarStyleDefault;
				"INFOPLIST_KEY_UIStatusBarStyle[sdk=iphonesimulator*]" = UIStatusBarStyleDefault;
				INFOPLIST_KEY_UISupportedInterfaceOrientations_iPad = "UIInterfaceOrientationPortrait UIInterfaceOrientationPortraitUpsideDown UIInterfaceOrientationLandscapeLeft UIInterfaceOrientationLandscapeRight";
				INFOPLIST_KEY_UISupportedInterfaceOrientations_iPhone = "UIInterfaceOrientationPortrait UIInterfaceOrientationLandscapeLeft UIInterfaceOrientationLandscapeRight";
				IPHONEOS_DEPLOYMENT_TARGET = 17.0;
				LD_RUNPATH_SEARCH_PATHS = "@executable_path/Frameworks";
				"LD_RUNPATH_SEARCH_PATHS[sdk=macosx*]" = "@executable_path/../Frameworks";
				MACOSX_DEPLOYMENT_TARGET = 14.0;
				MARKETING_VERSION = 1.0;
				PRODUCT_BUNDLE_IDENTIFIER = kenesbekov.adam.SparrowMarathon;
				PRODUCT_NAME = "$(TARGET_NAME)";
				SDKROOT = auto;
				SUPPORTED_PLATFORMS = "iphoneos iphonesimulator macosx";
				SWIFT_EMIT_LOC_STRINGS = YES;
				SWIFT_VERSION = 5.0;
				TARGETED_DEVICE_FAMILY = "1,2";
			};
			name = Release;
		};
/* End XCBuildConfiguration section */

/* Begin XCConfigurationList section */
		660D4C162ACD8F3A00431E6A /* Build configuration list for PBXProject "SparrowMarathon" */ = {
			isa = XCConfigurationList;
			buildConfigurations = (
				660D4C282ACD8F3C00431E6A /* Debug */,
				660D4C292ACD8F3C00431E6A /* Release */,
			);
			defaultConfigurationIsVisible = 0;
			defaultConfigurationName = Release;
		};
		660D4C2A2ACD8F3C00431E6A /* Build configuration list for PBXNativeTarget "SparrowMarathon" */ = {
			isa = XCConfigurationList;
			buildConfigurations = (
				660D4C2B2ACD8F3C00431E6A /* Debug */,
				660D4C2C2ACD8F3C00431E6A /* Release */,
			);
			defaultConfigurationIsVisible = 0;
			defaultConfigurationName = Release;
		};
/* End XCConfigurationList section */
	};
	rootObject = 660D4C132ACD8F3A00431E6A /* Project object */;
}
